
Microsoft Visual Studio Solution File, Format Version 12.00
# Visual Studio Version 16
VisualStudioVersion = 16.0.30413.136
MinimumVisualStudioVersion = 10.0.40219.1
Project("{8BC9CEB8-8B4A-11D0-8D11-00A0C91BC942}") = "顺序链式队列", "顺序链式队列.vcxproj", "{AC4AE969-CE95-4EF5-B464-3C97DD7B80E1}"
EndProject
Global
	GlobalSection(SolutionConfigurationPlatforms) = preSolution
		Debug|x64 = Debug|x64
		Debug|x86 = Debug|x86
		Release|x64 = Release|x64
		Release|x86 = Release|x86
	EndGlobalSection
	GlobalSection(ProjectConfigurationPlatforms) = postSolution
		{AC4AE969-CE95-4EF5-B464-3C97DD7B80E1}.Debug|x64.ActiveCfg = Debug|x64
		{AC4AE969-CE95-4EF5-B464-3C97DD7B80E1}.Debug|x64.Build.0 = Debug|x64
		{AC4AE969-CE95-4EF5-B464-3C97DD7B80E1}.Debug|x86.ActiveCfg = Debug|Win32
		{AC4AE969-CE95-4EF5-B464-3C97DD7B80E1}.Debug|x86.Build.0 = Debug|Win32
		{AC4AE969-CE95-4EF5-B464-3C97DD7B80E1}.Release|x64.ActiveCfg = Release|x64
		{AC4AE969-CE95-4EF5-B464-3C97DD7B80E1}.Release|x64.Build.0 = Release|x64
		{AC4AE969-CE95-4EF5-B464-3C97DD7B80E1}.Release|x86.ActiveCfg = Release|Win32
		{AC4AE969-CE95-4EF5-B464-3C97DD7B80E1}.Release|x86.Build.0 = Release|Win32
	EndGlobalSection
	GlobalSection(SolutionProperties) = preSolution
		HideSolutionNode = FALSE
	EndGlobalSection
	GlobalSection(ExtensibilityGlobals) = postSolution
		SolutionGuid = {B2838559-DB6C-4A70-B9A6-F612F7EC9147}
	EndGlobalSection
EndGlobal
